PODS:
  - FBSnapshotTestCase (2.1.4):
    - FBSnapshotTestCase/SwiftSupport (= 2.1.4)
  - FBSnapshotTestCase/Core (2.1.4)
  - FBSnapshotTestCase/SwiftSupport (2.1.4):
    - FBSnapshotTestCase/Core
  - WS-Connector (0.1.0)

DEPENDENCIES:
  - FBSnapshotTestCase
  - WS-Connector (from `../`)

EXTERNAL SOURCES:
  WS-Connector:
    :path: ../

SPEC CHECKSUMS:
  FBSnapshotTestCase: 094f9f314decbabe373b87cc339bea235a63e07a
  WS-Connector: 707102b20bc30f27c030a0bd508083926025f618

PODFILE CHECKSUM: 03fdbcadbb7cf18c5d7227ffb83b7767cd1faacc

COCOAPODS: 1.3.1
